
Microsoft Visual Studio Solution File, Format Version 12.00
# Visual Studio 2012
Project("{D954291E-2A0B-460D-934E-DC6B0785DB48}") = "Txly", "Txly\Txly.shproj", "{A9FB6695-A926-4CFF-BFC4-2DC89F8CEF0D}"
EndProject
Project("{FAE04EC0-301F-11D3-BF4B-00C04F79EFBC}") = "Txly.iOS", "iOS\Txly.iOS.csproj", "{7D2D09F8-8370-4502-8763-81C80C599EAF}"
EndProject
Project("{FAE04EC0-301F-11D3-BF4B-00C04F79EFBC}") = "Txly.Droid", "Droid\Txly.Droid.csproj", "{F48D5F88-2422-40E2-95F9-68613C9C3341}"
EndProject
Global
	GlobalSection(SolutionConfigurationPlatforms) = preSolution
		Debug|iPhoneSimulator = Debug|iPhoneSimulator
		Release|iPhone = Release|iPhone
		Release|iPhoneSimulator = Release|iPhoneSimulator
		Debug|iPhone = Debug|iPhone
		Debug|Any CPU = Debug|Any CPU
		Release|Any CPU = Release|Any CPU
	EndGlobalSection
	GlobalSection(ProjectConfigurationPlatforms) = postSolution
		{7D2D09F8-8370-4502-8763-81C80C599EAF}.Debug|iPhoneSimulator.ActiveCfg = Debug|iPhoneSimulator
		{7D2D09F8-8370-4502-8763-81C80C599EAF}.Debug|iPhoneSimulator.Build.0 = Debug|iPhoneSimulator
		{7D2D09F8-8370-4502-8763-81C80C599EAF}.Release|iPhone.ActiveCfg = Release|iPhone
		{7D2D09F8-8370-4502-8763-81C80C599EAF}.Release|iPhone.Build.0 = Release|iPhone
		{7D2D09F8-8370-4502-8763-81C80C599EAF}.Release|iPhoneSimulator.ActiveCfg = Release|iPhoneSimulator
		{7D2D09F8-8370-4502-8763-81C80C599EAF}.Release|iPhoneSimulator.Build.0 = Release|iPhoneSimulator
		{7D2D09F8-8370-4502-8763-81C80C599EAF}.Debug|iPhone.ActiveCfg = Debug|iPhone
		{7D2D09F8-8370-4502-8763-81C80C599EAF}.Debug|iPhone.Build.0 = Debug|iPhone
		{7D2D09F8-8370-4502-8763-81C80C599EAF}.Debug|Any CPU.ActiveCfg = Debug|iPhoneSimulator
		{7D2D09F8-8370-4502-8763-81C80C599EAF}.Debug|Any CPU.Build.0 = Debug|iPhoneSimulator
		{7D2D09F8-8370-4502-8763-81C80C599EAF}.Release|Any CPU.ActiveCfg = Release|iPhone
		{7D2D09F8-8370-4502-8763-81C80C599EAF}.Release|Any CPU.Build.0 = Release|iPhone
		{F48D5F88-2422-40E2-95F9-68613C9C3341}.Debug|iPhoneSimulator.ActiveCfg = Debug|Any CPU
		{F48D5F88-2422-40E2-95F9-68613C9C3341}.Debug|iPhoneSimulator.Build.0 = Debug|Any CPU
		{F48D5F88-2422-40E2-95F9-68613C9C3341}.Release|iPhone.ActiveCfg = Release|Any CPU
		{F48D5F88-2422-40E2-95F9-68613C9C3341}.Release|iPhone.Build.0 = Release|Any CPU
		{F48D5F88-2422-40E2-95F9-68613C9C3341}.Release|iPhoneSimulator.ActiveCfg = Release|Any CPU
		{F48D5F88-2422-40E2-95F9-68613C9C3341}.Release|iPhoneSimulator.Build.0 = Release|Any CPU
		{F48D5F88-2422-40E2-95F9-68613C9C3341}.Debug|iPhone.ActiveCfg = Debug|Any CPU
		{F48D5F88-2422-40E2-95F9-68613C9C3341}.Debug|iPhone.Build.0 = Debug|Any CPU
		{F48D5F88-2422-40E2-95F9-68613C9C3341}.Debug|Any CPU.ActiveCfg = Debug|Any CPU
		{F48D5F88-2422-40E2-95F9-68613C9C3341}.Debug|Any CPU.Build.0 = Debug|Any CPU
		{F48D5F88-2422-40E2-95F9-68613C9C3341}.Release|Any CPU.ActiveCfg = Release|Any CPU
		{F48D5F88-2422-40E2-95F9-68613C9C3341}.Release|Any CPU.Build.0 = Release|Any CPU
	EndGlobalSection
	GlobalSection(MonoDevelopProperties) = preSolution
		Policies = $0
		$0.DotNetNamingPolicy = $1
		$1.DirectoryNamespaceAssociation = PrefixedHierarchical
		$0.VersionControlPolicy = $2
	EndGlobalSection
EndGlobal
